
Microsoft Visual Studio Solution File, Format Version 12.00
# Visual Studio Version 17
VisualStudioVersion = 17.6.33801.468
MinimumVisualStudioVersion = 10.0.40219.1
Project("{FAE04EC0-301F-11D3-BF4B-00C04F79EFBC}") = "TrailingZeros", "TrailingZeros\TrailingZeros.csproj", "{9A86C97D-A7DC-4CBA-A1CE-78E8A192EACC}"
EndProject
Global
	GlobalSection(SolutionConfigurationPlatforms) = preSolution
		Debug|Any CPU = Debug|Any CPU
		Release|Any CPU = Release|Any CPU
	EndGlobalSection
	GlobalSection(ProjectConfigurationPlatforms) = postSolution
		{9A86C97D-A7DC-4CBA-A1CE-78E8A192EACC}.Debug|Any CPU.ActiveCfg = Debug|Any CPU
		{9A86C97D-A7DC-4CBA-A1CE-78E8A192EACC}.Debug|Any CPU.Build.0 = Debug|Any CPU
		{9A86C97D-A7DC-4CBA-A1CE-78E8A192EACC}.Release|Any CPU.ActiveCfg = Release|Any CPU
		{9A86C97D-A7DC-4CBA-A1CE-78E8A192EACC}.Release|Any CPU.Build.0 = Release|Any CPU
	EndGlobalSection
	GlobalSection(SolutionProperties) = preSolution
		HideSolutionNode = FALSE
	EndGlobalSection
	GlobalSection(ExtensibilityGlobals) = postSolution
		SolutionGuid = {E8E6A2B2-3C53-4625-954D-76B5F25396A2}
	EndGlobalSection
EndGlobal
